lockVersion: 2.0.0
id: 1406646a-83e3-4f83-b9e9-908832711ae3
management:
  docChecksum: 8603d6305c152345bd5e6c66833951ff
  docVersion: 0.1.0
  speakeasyVersion: 1.207.1
  generationVersion: 2.280.6
  releaseVersion: 0.2.1
  configChecksum: a40f0db1d9284092df7cfb3da3c64188
  repoURL: https://github.com/speakeasy-sdks/demo-python1.git
  repoSubDirectory: .
  installationURL: https://github.com/speakeasy-sdks/demo-python1.git
features:
  python:
    constsAndDefaults: 0.1.3
    core: 4.5.1
    globalSecurity: 2.83.4
    globalServerURLs: 2.82.2
    responseFormat: 0.1.0
    unions: 2.82.6
generatedFiles:
  - src/dataservice/sdkconfiguration.py
  - src/dataservice/profile.py
  - src/dataservice/llm.py
  - src/dataservice/manage.py
  - src/dataservice/sdk.py
  - py.typed
  - pylintrc
  - setup.py
  - src/dataservice/__init__.py
  - src/dataservice/utils/__init__.py
  - src/dataservice/utils/retries.py
  - src/dataservice/utils/utils.py
  - src/dataservice/models/errors/sdkerror.py
  - tests/helpers.py
  - src/dataservice/models/operations/log.py
  - src/dataservice/models/operations/log_embeddings.py
  - src/dataservice/models/operations/log_pubsub.py
  - src/dataservice/models/operations/log_pubsub_embedding.py
  - src/dataservice/models/operations/log_llm.py
  - src/dataservice/models/operations/evaluate.py
  - src/dataservice/models/operations/list_metrics.py
  - src/dataservice/models/operations/validate_llm.py
  - src/dataservice/models/operations/publish.py
  - src/dataservice/models/operations/health.py
  - src/dataservice/models/operations/status.py
  - src/dataservice/models/operations/debug_info.py
  - src/dataservice/models/errors/httpvalidationerror.py
  - src/dataservice/models/errors/validationresult.py
  - src/dataservice/models/errors/failedevaluationresult.py
  - src/dataservice/models/components/validationerror.py
  - src/dataservice/models/components/logrequest.py
  - src/dataservice/models/components/logmultiple.py
  - src/dataservice/models/components/logembeddingrequest.py
  - src/dataservice/models/components/llmvalidaterequest.py
  - src/dataservice/models/components/evaluationresult.py
  - src/dataservice/models/components/runperf.py
  - src/dataservice/models/components/validationfailure.py
  - src/dataservice/models/components/availablemetrics.py
  - src/dataservice/models/components/processloggerstatusresponse.py
  - src/dataservice/models/components/loggerstatusresponse.py
  - src/dataservice/models/components/security.py
  - src/dataservice/models/__init__.py
  - src/dataservice/models/errors/__init__.py
  - src/dataservice/models/operations/__init__.py
  - src/dataservice/models/components/__init__.py
  - docs/models/operations/logresponse.md
  - docs/models/operations/logembeddingsresponse.md
  - docs/models/operations/logpubsubresponse.md
  - docs/models/operations/logpubsubembeddingresponse.md
  - docs/models/operations/logllmresponse.md
  - docs/models/operations/evaluaterequest.md
  - docs/models/operations/evaluateresponse.md
  - docs/models/operations/listmetricsresponse.md
  - docs/models/operations/validatellmrequest.md
  - docs/models/operations/validatellmresponse.md
  - docs/models/operations/publishresponse.md
  - docs/models/operations/healthresponse.md
  - docs/models/operations/statusresponse.md
  - docs/models/operations/debuginforesponse.md
  - docs/models/errors/httpvalidationerror.md
  - docs/models/errors/validationresult.md
  - docs/models/errors/metrics.md
  - docs/models/errors/failedevaluationresult.md
  - docs/models/components/loc.md
  - docs/models/components/validationerror.md
  - docs/models/components/logrequest.md
  - docs/models/components/data.md
  - docs/models/components/logmultiple.md
  - docs/models/components/logembeddingrequest.md
  - docs/models/components/llmvalidaterequest.md
  - docs/models/components/metrics.md
  - docs/models/components/evaluationresult.md
  - docs/models/components/runperf.md
  - docs/models/components/value.md
  - docs/models/components/allowedvalues.md
  - docs/models/components/disallowedvalues.md
  - docs/models/components/validationfailure.md
  - docs/models/components/availablemetrics.md
  - docs/models/components/processloggerstatusresponse.md
  - docs/models/components/loggerstatusresponse.md
  - docs/models/components/security.md
  - docs/sdks/dataservice/README.md
  - docs/sdks/profile/README.md
  - docs/sdks/llm/README.md
  - docs/sdks/manage/README.md
  - USAGE.md
  - .gitattributes
  - src/dataservice/_hooks/sdkhooks.py
  - src/dataservice/_hooks/types.py
  - src/dataservice/_hooks/__init__.py
